
Microsoft Visual Studio Solution File, Format Version 12.00
# Visual Studio Version 17
VisualStudioVersion = 17.13.35825.156
MinimumVisualStudioVersion = 10.0.40219.1
Project("{FAE04EC0-301F-11D3-BF4B-00C04F79EFBC}") = "AutoPartApp", "AutoPartApp.csproj", "{07C4CCFB-543C-41B2-91CA-C3669C6B142F}"
EndProject
Project("{FAE04EC0-301F-11D3-BF4B-00C04F79EFBC}") = "Models", "..\Models\Models.csproj", "{48453216-51AF-4769-B3F0-1C1236ED4BA0}"
EndProject
Project("{FAE04EC0-301F-11D3-BF4B-00C04F79EFBC}") = "EntityFramework", "..\EntityFramework\EntityFramework.csproj", "{FA5D4338-71EF-4E3C-98F8-8529F9CB01A1}"
EndProject
Global
	GlobalSection(SolutionConfigurationPlatforms) = preSolution
		Debug|Any CPU = Debug|Any CPU
		Release|Any CPU = Release|Any CPU
	EndGlobalSection
	GlobalSection(ProjectConfigurationPlatforms) = postSolution
		{07C4CCFB-543C-41B2-91CA-C3669C6B142F}.Debug|Any CPU.ActiveCfg = Debug|Any CPU
		{07C4CCFB-543C-41B2-91CA-C3669C6B142F}.Debug|Any CPU.Build.0 = Debug|Any CPU
		{07C4CCFB-543C-41B2-91CA-C3669C6B142F}.Release|Any CPU.ActiveCfg = Release|Any CPU
		{07C4CCFB-543C-41B2-91CA-C3669C6B142F}.Release|Any CPU.Build.0 = Release|Any CPU
		{48453216-51AF-4769-B3F0-1C1236ED4BA0}.Debug|Any CPU.ActiveCfg = Debug|Any CPU
		{48453216-51AF-4769-B3F0-1C1236ED4BA0}.Debug|Any CPU.Build.0 = Debug|Any CPU
		{48453216-51AF-4769-B3F0-1C1236ED4BA0}.Release|Any CPU.ActiveCfg = Release|Any CPU
		{48453216-51AF-4769-B3F0-1C1236ED4BA0}.Release|Any CPU.Build.0 = Release|Any CPU
		{FA5D4338-71EF-4E3C-98F8-8529F9CB01A1}.Debug|Any CPU.ActiveCfg = Debug|Any CPU
		{FA5D4338-71EF-4E3C-98F8-8529F9CB01A1}.Debug|Any CPU.Build.0 = Debug|Any CPU
		{FA5D4338-71EF-4E3C-98F8-8529F9CB01A1}.Release|Any CPU.ActiveCfg = Release|Any CPU
		{FA5D4338-71EF-4E3C-98F8-8529F9CB01A1}.Release|Any CPU.Build.0 = Release|Any CPU
	EndGlobalSection
	GlobalSection(SolutionProperties) = preSolution
		HideSolutionNode = FALSE
	EndGlobalSection
	GlobalSection(ExtensibilityGlobals) = postSolution
		SolutionGuid = {ADC49F04-F751-473B-9BC5-5A779DA5CDDA}
	EndGlobalSection
EndGlobal
